{
  "name": "Portfolio",
  "lockfileVersion": 2,
  "requires": true,
  "packages": {
    "": {
      "dependencies": {
        "font-applesdgothicneo": "^1.0.1"
      }
    },
    "node_modules/font-applesdgothicneo": {
      "version": "1.0.1",
      "resolved": "https://registry.npmjs.org/font-applesdgothicneo/-/font-applesdgothicneo-1.0.1.tgz",
      "integrity": "sha512-WCYkTMZZYMVxgqqS+UbcYojA3pa+qjeBUIiT4eoZv6nEphbZ7sUyu/BVA+go+BTgL85mPLsVH1JQEyMj8bhzNA=="
    }
  },
  "dependencies": {
    "font-applesdgothicneo": {
      "version": "1.0.1",
      "resolved": "https://registry.npmjs.org/font-applesdgothicneo/-/font-applesdgothicneo-1.0.1.tgz",
      "integrity": "sha512-WCYkTMZZYMVxgqqS+UbcYojA3pa+qjeBUIiT4eoZv6nEphbZ7sUyu/BVA+go+BTgL85mPLsVH1JQEyMj8bhzNA=="
    }
  }
}
